
Microsoft Visual Studio Solution File, Format Version 12.00
# Visual Studio Version 17
VisualStudioVersion = 17.11.35327.3
MinimumVisualStudioVersion = 10.0.40219.1
Project("{FAE04EC0-301F-11D3-BF4B-00C04F79EFBC}") = "PruebaBootstrap", "PruebaBootstrap\PruebaBootstrap.csproj", "{0BE81CF3-9BAB-4E79-A3CD-AAE8092ADE2C}"
EndProject
Project("{FAE04EC0-301F-11D3-BF4B-00C04F79EFBC}") = "TemuFansBO", "TemuFansBO\TemuFansBO.csproj", "{06EADFE4-D3AF-46BB-8B9A-20D608561168}"
EndProject
Project("{FAE04EC0-301F-11D3-BF4B-00C04F79EFBC}") = "TemuFansDocumentosBO", "TemuFansDocumentosBO\TemuFansDocumentosBO.csproj", "{6215378D-576A-4184-8EE9-789DE78CBE56}"
EndProject
Project("{FAE04EC0-301F-11D3-BF4B-00C04F79EFBC}") = "TemuFansPedidoTestxd", "TemuFansPedidoTestxd\TemuFansPedidoTestxd.csproj", "{83C03E34-5892-4F0A-8DCC-4A9A692275FA}"
EndProject
Project("{FAE04EC0-301F-11D3-BF4B-00C04F79EFBC}") = "TemuFansUsuarioBO", "TemuFansUsuarioBO\TemuFansUsuarioBO.csproj", "{0184043D-EA3C-45D7-AA8B-A476FC6B91C4}"
EndProject
Project("{FAE04EC0-301F-11D3-BF4B-00C04F79EFBC}") = "TemuFansInventarioBO", "TemuFansInventarioBO\TemuFansInventarioBO.csproj", "{F9F2120C-75D8-4AF1-A0CC-0543F99684CA}"
EndProject
Global
	GlobalSection(SolutionConfigurationPlatforms) = preSolution
		Debug|Any CPU = Debug|Any CPU
		Release|Any CPU = Release|Any CPU
	EndGlobalSection
	GlobalSection(ProjectConfigurationPlatforms) = postSolution
		{0BE81CF3-9BAB-4E79-A3CD-AAE8092ADE2C}.Debug|Any CPU.ActiveCfg = Debug|Any CPU
		{0BE81CF3-9BAB-4E79-A3CD-AAE8092ADE2C}.Debug|Any CPU.Build.0 = Debug|Any CPU
		{0BE81CF3-9BAB-4E79-A3CD-AAE8092ADE2C}.Release|Any CPU.ActiveCfg = Release|Any CPU
		{0BE81CF3-9BAB-4E79-A3CD-AAE8092ADE2C}.Release|Any CPU.Build.0 = Release|Any CPU
		{06EADFE4-D3AF-46BB-8B9A-20D608561168}.Debug|Any CPU.ActiveCfg = Debug|Any CPU
		{06EADFE4-D3AF-46BB-8B9A-20D608561168}.Debug|Any CPU.Build.0 = Debug|Any CPU
		{06EADFE4-D3AF-46BB-8B9A-20D608561168}.Release|Any CPU.ActiveCfg = Release|Any CPU
		{06EADFE4-D3AF-46BB-8B9A-20D608561168}.Release|Any CPU.Build.0 = Release|Any CPU
		{6215378D-576A-4184-8EE9-789DE78CBE56}.Debug|Any CPU.ActiveCfg = Debug|Any CPU
		{6215378D-576A-4184-8EE9-789DE78CBE56}.Debug|Any CPU.Build.0 = Debug|Any CPU
		{6215378D-576A-4184-8EE9-789DE78CBE56}.Release|Any CPU.ActiveCfg = Release|Any CPU
		{6215378D-576A-4184-8EE9-789DE78CBE56}.Release|Any CPU.Build.0 = Release|Any CPU
		{83C03E34-5892-4F0A-8DCC-4A9A692275FA}.Debug|Any CPU.ActiveCfg = Debug|Any CPU
		{83C03E34-5892-4F0A-8DCC-4A9A692275FA}.Debug|Any CPU.Build.0 = Debug|Any CPU
		{83C03E34-5892-4F0A-8DCC-4A9A692275FA}.Release|Any CPU.ActiveCfg = Release|Any CPU
		{83C03E34-5892-4F0A-8DCC-4A9A692275FA}.Release|Any CPU.Build.0 = Release|Any CPU
		{0184043D-EA3C-45D7-AA8B-A476FC6B91C4}.Debug|Any CPU.ActiveCfg = Debug|Any CPU
		{0184043D-EA3C-45D7-AA8B-A476FC6B91C4}.Debug|Any CPU.Build.0 = Debug|Any CPU
		{0184043D-EA3C-45D7-AA8B-A476FC6B91C4}.Release|Any CPU.ActiveCfg = Release|Any CPU
		{0184043D-EA3C-45D7-AA8B-A476FC6B91C4}.Release|Any CPU.Build.0 = Release|Any CPU
		{F9F2120C-75D8-4AF1-A0CC-0543F99684CA}.Debug|Any CPU.ActiveCfg = Debug|Any CPU
		{F9F2120C-75D8-4AF1-A0CC-0543F99684CA}.Debug|Any CPU.Build.0 = Debug|Any CPU
		{F9F2120C-75D8-4AF1-A0CC-0543F99684CA}.Release|Any CPU.ActiveCfg = Release|Any CPU
		{F9F2120C-75D8-4AF1-A0CC-0543F99684CA}.Release|Any CPU.Build.0 = Release|Any CPU
	EndGlobalSection
	GlobalSection(SolutionProperties) = preSolution
		HideSolutionNode = FALSE
	EndGlobalSection
	GlobalSection(ExtensibilityGlobals) = postSolution
		SolutionGuid = {318CC7BF-6114-414C-B09E-5E7EEE3E9ADF}
	EndGlobalSection
EndGlobal
