
Microsoft Visual Studio Solution File, Format Version 12.00
# Visual Studio Version 17
VisualStudioVersion = 17.11.35327.3
MinimumVisualStudioVersion = 10.0.40219.1
Project("{FAE04EC0-301F-11D3-BF4B-00C04F79EFBC}") = "PruebaBootstrap", "PruebaBootstrap\PruebaBootstrap.csproj", "{0BE81CF3-9BAB-4E79-A3CD-AAE8092ADE2C}"
EndProject
Global
	GlobalSection(SolutionConfigurationPlatforms) = preSolution
		Debug|Any CPU = Debug|Any CPU
		Release|Any CPU = Release|Any CPU
	EndGlobalSection
	GlobalSection(ProjectConfigurationPlatforms) = postSolution
		{0BE81CF3-9BAB-4E79-A3CD-AAE8092ADE2C}.Debug|Any CPU.ActiveCfg = Debug|Any CPU
		{0BE81CF3-9BAB-4E79-A3CD-AAE8092ADE2C}.Debug|Any CPU.Build.0 = Debug|Any CPU
		{0BE81CF3-9BAB-4E79-A3CD-AAE8092ADE2C}.Release|Any CPU.ActiveCfg = Release|Any CPU
		{0BE81CF3-9BAB-4E79-A3CD-AAE8092ADE2C}.Release|Any CPU.Build.0 = Release|Any CPU
	EndGlobalSection
	GlobalSection(SolutionProperties) = preSolution
		HideSolutionNode = FALSE
	EndGlobalSection
	GlobalSection(ExtensibilityGlobals) = postSolution
		SolutionGuid = {318CC7BF-6114-414C-B09E-5E7EEE3E9ADF}
	EndGlobalSection
EndGlobal
